// !$*UTF8*$!
{
	archiveVersion = 1;
	classes = {
	};
	objectVersion = 50;
	objects = {

/* Begin PBXBuildFile section */
		BE7ED20025DA287C000716D8 /* AppDelegate.m in Sources */ = {isa = PBXBuildFile; fileRef = BE7ED1FF25DA287C000716D8 /* AppDelegate.m */; };
		BE7ED20325DA287C000716D8 /* SceneDelegate.m in Sources */ = {isa = PBXBuildFile; fileRef = BE7ED20225DA287C000716D8 /* SceneDelegate.m */; };
		BE7ED20625DA287C000716D8 /* ViewController.m in Sources */ = {isa = PBXBuildFile; fileRef = BE7ED20525DA287C000716D8 /* ViewController.m */; };
		BE7ED20925DA287C000716D8 /* Main.storyboard in Resources */ = {isa = PBXBuildFile; fileRef = BE7ED20725DA287C000716D8 /* Main.storyboard */; };
		BE7ED20B25DA287F000716D8 /* Assets.xcassets in Resources */ = {isa = PBXBuildFile; fileRef = BE7ED20A25DA287F000716D8 /* Assets.xcassets */; };
		BE7ED20E25DA287F000716D8 /* LaunchScreen.storyboard in Resources */ = {isa = PBXBuildFile; fileRef = BE7ED20C25DA287F000716D8 /* LaunchScreen.storyboard */; };
		BE7ED21125DA287F000716D8 /* main.m in Sources */ = {isa = PBXBuildFile; fileRef = BE7ED21025DA287F000716D8 /* main.m */; };
/* End PBXBuildFile section */

/* Begin PBXFileReference section */
		BE7ED1FB25DA287C000716D8 /* AudioLearn.app */ = {isa = PBXFileReference; explicitFileType = wrapper.application; includeInIndex = 0; path = AudioLearn.app; sourceTree = BUILT_PRODUCTS_DIR; };
		BE7ED1FE25DA287C000716D8 /* AppDelegate.h */ = {isa = PBXFileReference; lastKnownFileType = sourcecode.c.h; path = AppDelegate.h; sourceTree = "<group>"; };
		BE7ED1FF25DA287C000716D8 /* AppDelegate.m */ = {isa = PBXFileReference; lastKnownFileType = sourcecode.c.objc; path = AppDelegate.m; sourceTree = "<group>"; };
		BE7ED20125DA287C000716D8 /* SceneDelegate.h */ = {isa = PBXFileReference; lastKnownFileType = sourcecode.c.h; path = SceneDelegate.h; sourceTree = "<group>"; };
		BE7ED20225DA287C000716D8 /* SceneDelegate.m */ = {isa = PBXFileReference; lastKnownFileType = sourcecode.c.objc; path = SceneDelegate.m; sourceTree = "<group>"; };
		BE7ED20425DA287C000716D8 /* ViewController.h */ = {isa = PBXFileReference; lastKnownFileType = sourcecode.c.h; path = ViewController.h; sourceTree = "<group>"; };
		BE7ED20525DA287C000716D8 /* ViewController.m */ = {isa = PBXFileReference; lastKnownFileType = sourcecode.c.objc; path = ViewController.m; sourceTree = "<group>"; };
		BE7ED20825DA287C000716D8 /* Base */ = {isa = PBXFileReference; lastKnownFileType = file.storyboard; name = Base; path = Base.lproj/Main.storyboard; sourceTree = "<group>"; };
		BE7ED20A25DA287F000716D8 /* Assets.xcassets */ = {isa = PBXFileReference; lastKnownFileType = folder.assetcatalog; path = Assets.xcassets; sourceTree = "<group>"; };
		BE7ED20D25DA287F000716D8 /* Base */ = {isa = PBXFileReference; lastKnownFileType = file.storyboard; name = Base; path = Base.lproj/LaunchScreen.storyboard; sourceTree = "<group>"; };
		BE7ED20F25DA287F000716D8 /* Info.plist */ = {isa = PBXFileReference; lastKnownFileType = text.plist.xml; path = Info.plist; sourceTree = "<group>"; };
		BE7ED21025DA287F000716D8 /* main.m */ = {isa = PBXFileReference; lastKnownFileType = sourcecode.c.objc; path = main.m; sourceTree = "<group>"; };
/* End PBXFileReference section */

/* Begin PBXFrameworksBuildPhase section */
		BE7ED1F825DA287C000716D8 /* Frameworks */ = {
			isa = PBXFrameworksBuildPhase;
			buildActionMask = 2147483647;
			files = (
			);
			runOnlyForDeploymentPostprocessing = 0;
		};
/* End PBXFrameworksBuildPhase section */

/* Begin PBXGroup section */
		BE7ED1F225DA287C000716D8 = {
			isa = PBXGroup;
			children = (
				BE7ED1FD25DA287C000716D8 /* AudioLearn */,
				BE7ED1FC25DA287C000716D8 /* Products */,
			);
			sourceTree = "<group>";
		};
		BE7ED1FC25DA287C000716D8 /* Products */ = {
			isa = PBXGroup;
			children = (
				BE7ED1FB25DA287C000716D8 /* AudioLearn.app */,
			);
			name = Products;
			sourceTree = "<group>";
		};
		BE7ED1FD25DA287C000716D8 /* AudioLearn */ = {
			isa = PBXGroup;
			children = (
				BE7ED1FE25DA287C000716D8 /* AppDelegate.h */,
				BE7ED1FF25DA287C000716D8 /* AppDelegate.m */,
				BE7ED20125DA287C000716D8 /* SceneDelegate.h */,
				BE7ED20225DA287C000716D8 /* SceneDelegate.m */,
				BE7ED20425DA287C000716D8 /* ViewController.h */,
				BE7ED20525DA287C000716D8 /* ViewController.m */,
				BE7ED20725DA287C000716D8 /* Main.storyboard */,
				BE7ED20A25DA287F000716D8 /* Assets.xcassets */,
				BE7ED20C25DA287F000716D8 /* LaunchScreen.storyboard */,
				BE7ED20F25DA287F000716D8 /* Info.plist */,
				BE7ED21025DA287F000716D8 /* main.m */,
			);
			path = AudioLearn;
			sourceTree = "<group>";
		};
/* End PBXGroup section */

/* Begin PBXNativeTarget section */
		BE7ED1FA25DA287C000716D8 /* AudioLearn */ = {
			isa = PBXNativeTarget;
			buildConfigurationList = BE7ED21425DA287F000716D8 /* Build configuration list for PBXNativeTarget "AudioLearn" */;
			buildPhases = (
				BE7ED1F725DA287C000716D8 /* Sources */,
				BE7ED1F825DA287C000716D8 /* Frameworks */,
				BE7ED1F925DA287C000716D8 /* Resources */,
			);
			buildRules = (
			);
			dependencies = (
			);
			name = AudioLearn;
			productName = AudioLearn;
			productReference = BE7ED1FB25DA287C000716D8 /* AudioLearn.app */;
			productType = "com.apple.product-type.application";
		};
/* End PBXNativeTarget section */

/* Begin PBXProject section */
		BE7ED1F325DA287C000716D8 /* Project object */ = {
			isa = PBXProject;
			attributes = {
				LastUpgradeCheck = 1130;
				ORGANIZATIONNAME = pinky;
				TargetAttributes = {
					BE7ED1FA25DA287C000716D8 = {
						CreatedOnToolsVersion = 11.3.1;
					};
				};
			};
			buildConfigurationList = BE7ED1F625DA287C000716D8 /* Build configuration list for PBXProject "AudioLearn" */;
			compatibilityVersion = "Xcode 9.3";
			developmentRegion = en;
			hasScannedForEncodings = 0;
			knownRegions = (
				en,
				Base,
			);
			mainGroup = BE7ED1F225DA287C000716D8;
			productRefGroup = BE7ED1FC25DA287C000716D8 /* Products */;
			projectDirPath = "";
			projectRoot = "";
			targets = (
				BE7ED1FA25DA287C000716D8 /* AudioLearn */,
			);
		};
/* End PBXProject section */

/* Begin PBXResourcesBuildPhase section */
		BE7ED1F925DA287C000716D8 /* Resources */ = {
			isa = PBXResourcesBuildPhase;
			buildActionMask = 2147483647;
			files = (
				BE7ED20E25DA287F000716D8 /* LaunchScreen.storyboard in Resources */,
				BE7ED20B25DA287F000716D8 /* Assets.xcassets in Resources */,
				BE7ED20925DA287C000716D8 /* Main.storyboard in Resources */,
			);
			runOnlyForDeploymentPostprocessing = 0;
		};
/* End PBXResourcesBuildPhase section */

/* Begin PBXSourcesBuildPhase section */
		BE7ED1F725DA287C000716D8 /* Sources */ = {
			isa = PBXSourcesBuildPhase;
			buildActionMask = 2147483647;
			files = (
				BE7ED20625DA287C000716D8 /* ViewController.m in Sources */,
				BE7ED20025DA287C000716D8 /* AppDelegate.m in Sources */,
				BE7ED21125DA287F000716D8 /* main.m in Sources */,
				BE7ED20325DA287C000716D8 /* SceneDelegate.m in Sources */,
			);
			runOnlyForDeploymentPostprocessing = 0;
		};
/* End PBXSourcesBuildPhase section */

/* Begin PBXVariantGroup section */
		BE7ED20725DA287C000716D8 /* Main.storyboard */ = {
			isa = PBXVariantGroup;
			children = (
				BE7ED20825DA287C000716D8 /* Base */,
			);
			name = Main.storyboard;
			sourceTree = "<group>";
		};
		BE7ED20C25DA287F000716D8 /* LaunchScreen.storyboard */ = {
			isa = PBXVariantGroup;
			children = (
				BE7ED20D25DA287F000716D8 /* Base */,
			);
			name = LaunchScreen.storyboard;
			sourceTree = "<group>";
		};
/* End PBXVariantGroup section */

/* Begin XCBuildConfiguration section */
		BE7ED21225DA287F000716D8 /* Debug */ = {
			isa = XCBuildConfiguration;
			buildSettings = {
				ALWAYS_SEARCH_USER_PATHS = NO;
				CLANG_ANALYZER_NONNULL = YES;
				CLANG_ANALYZER_NUMBER_OBJECT_CONVERSION = YES_AGGRESSIVE;
				CLANG_CXX_LANGUAGE_STANDARD = "gnu++14";
				CLANG_CXX_LIBRARY = "libc++";
				CLANG_ENABLE_MODULES = YES;
				CLANG_ENABLE_OBJC_ARC = YES;
				CLANG_ENABLE_OBJC_WEAK = YES;
				CLANG_WARN_BLOCK_CAPTURE_AUTORELEASING = YES;
				CLANG_WARN_BOOL_CONVERSION = YES;
				CLANG_WARN_COMMA = YES;
				CLANG_WARN_CONSTANT_CONVERSION = YES;
				CLANG_WARN_DEPRECATED_OBJC_IMPLEMENTATIONS = YES;
				CLANG_WARN_DIRECT_OBJC_ISA_USAGE = YES_ERROR;
				CLANG_WARN_DOCUMENTATION_COMMENTS = YES;
				CLANG_WARN_EMPTY_BODY = YES;
				CLANG_WARN_ENUM_CONVERSION = YES;
				CLANG_WARN_INFINITE_RECURSION = YES;
				CLANG_WARN_INT_CONVERSION = YES;
				CLANG_WARN_NON_LITERAL_NULL_CONVERSION = YES;
				CLANG_WARN_OBJC_IMPLICIT_RETAIN_SELF = YES;
				CLANG_WARN_OBJC_LITERAL_CONVERSION = YES;
				CLANG_WARN_OBJC_ROOT_CLASS = YES_ERROR;
				CLANG_WARN_RANGE_LOOP_ANALYSIS = YES;
				CLANG_WARN_STRICT_PROTOTYPES = YES;
				CLANG_WARN_SUSPICIOUS_MOVE = YES;
				CLANG_WARN_UNGUARDED_AVAILABILITY = YES_AGGRESSIVE;
				CLANG_WARN_UNREACHABLE_CODE = YES;
				CLANG_WARN__DUPLICATE_METHOD_MATCH = YES;
				COPY_PHASE_STRIP = NO;
				DEBUG_INFORMATION_FORMAT = dwarf;
				ENABLE_STRICT_OBJC_MSGSEND = YES;
				ENABLE_TESTABILITY = YES;
				GCC_C_LANGUAGE_STANDARD = gnu11;
				GCC_DYNAMIC_NO_PIC = NO;
				GCC_NO_COMMON_BLOCKS = YES;
				GCC_OPTIMIZATION_LEVEL = 0;
				GCC_PREPROCESSOR_DEFINITIONS = (
					"DEBUG=1",
					"$(inherited)",
				);
				GCC_WARN_64_TO_32_BIT_CONVERSION = YES;
				GCC_WARN_ABOUT_RETURN_TYPE = YES_ERROR;
				GCC_WARN_UNDECLARED_SELECTOR = YES;
				GCC_WARN_UNINITIALIZED_AUTOS = YES_AGGRESSIVE;
				GCC_WARN_UNUSED_FUNCTION = YES;
				GCC_WARN_UNUSED_VARIABLE = YES;
				IPHONEOS_DEPLOYMENT_TARGET = 13.2;
				MTL_ENABLE_DEBUG_INFO = INCLUDE_SOURCE;
				MTL_FAST_MATH = YES;
				ONLY_ACTIVE_ARCH = YES;
				SDKROOT = iphoneos;
			};
			name = Debug;
		};
		BE7ED21325DA287F000716D8 /* Release */ = {
			isa = XCBuildConfiguration;
			buildSettings = {
				ALWAYS_SEARCH_USER_PATHS = NO;
				CLANG_ANALYZER_NONNULL = YES;
				CLANG_ANALYZER_NUMBER_OBJECT_CONVERSION = YES_AGGRESSIVE;
				CLANG_CXX_LANGUAGE_STANDARD = "gnu++14";
				CLANG_CXX_LIBRARY = "libc++";
				CLANG_ENABLE_MODULES = YES;
				CLANG_ENABLE_OBJC_ARC = YES;
				CLANG_ENABLE_OBJC_WEAK = YES;
				CLANG_WARN_BLOCK_CAPTURE_AUTORELEASING = YES;
				CLANG_WARN_BOOL_CONVERSION = YES;
				CLANG_WARN_COMMA = YES;
				CLANG_WARN_CONSTANT_CONVERSION = YES;
				CLANG_WARN_DEPRECATED_OBJC_IMPLEMENTATIONS = YES;
				CLANG_WARN_DIRECT_OBJC_ISA_USAGE = YES_ERROR;
				CLANG_WARN_DOCUMENTATION_COMMENTS = YES;
				CLANG_WARN_EMPTY_BODY = YES;
				CLANG_WARN_ENUM_CONVERSION = YES;
				CLANG_WARN_INFINITE_RECURSION = YES;
				CLANG_WARN_INT_CONVERSION = YES;
				CLANG_WARN_NON_LITERAL_NULL_CONVERSION = YES;
				CLANG_WARN_OBJC_IMPLICIT_RETAIN_SELF = YES;
				CLANG_WARN_OBJC_LITERAL_CONVERSION = YES;
				CLANG_WARN_OBJC_ROOT_CLASS = YES_ERROR;
				CLANG_WARN_RANGE_LOOP_ANALYSIS = YES;
				CLANG_WARN_STRICT_PROTOTYPES = YES;
				CLANG_WARN_SUSPICIOUS_MOVE = YES;
				CLANG_WARN_UNGUARDED_AVAILABILITY = YES_AGGRESSIVE;
				CLANG_WARN_UNREACHABLE_CODE = YES;
				CLANG_WARN__DUPLICATE_METHOD_MATCH = YES;
				COPY_PHASE_STRIP = NO;
				DEBUG_INFORMATION_FORMAT = "dwarf-with-dsym";
				ENABLE_NS_ASSERTIONS = NO;
				ENABLE_STRICT_OBJC_MSGSEND = YES;
				GCC_C_LANGUAGE_STANDARD = gnu11;
				GCC_NO_COMMON_BLOCKS = YES;
				GCC_WARN_64_TO_32_BIT_CONVERSION = YES;
				GCC_WARN_ABOUT_RETURN_TYPE = YES_ERROR;
				GCC_WARN_UNDECLARED_SELECTOR = YES;
				GCC_WARN_UNINITIALIZED_AUTOS = YES_AGGRESSIVE;
				GCC_WARN_UNUSED_FUNCTION = YES;
				GCC_WARN_UNUSED_VARIABLE = YES;
				IPHONEOS_DEPLOYMENT_TARGET = 13.2;
				MTL_ENABLE_DEBUG_INFO = NO;
				MTL_FAST_MATH = YES;
				SDKROOT = iphoneos;
				VALIDATE_PRODUCT = YES;
			};
			name = Release;
		};
		BE7ED21525DA287F000716D8 /* Debug */ = {
			isa = XCBuildConfiguration;
			buildSettings = {
				ASSETCATALOG_COMPILER_APPICON_NAME = AppIcon;
				CODE_SIGN_STYLE = Automatic;
				DEVELOPMENT_TEAM = 9YQ3S558EJ;
				INFOPLIST_FILE = AudioLearn/Info.plist;
				LD_RUNPATH_SEARCH_PATHS = (
					"$(inherited)",
					"@executable_path/Frameworks",
				);
				PRODUCT_BUNDLE_IDENTIFIER = com.pinky.AudioLearn;
				PRODUCT_NAME = "$(TARGET_NAME)";
				TARGETED_DEVICE_FAMILY = "1,2";
			};
			name = Debug;
		};
		BE7ED21625DA287F000716D8 /* Release */ = {
			isa = XCBuildConfiguration;
			buildSettings = {
				ASSETCATALOG_COMPILER_APPICON_NAME = AppIcon;
				CODE_SIGN_STYLE = Automatic;
				DEVELOPMENT_TEAM = 9YQ3S558EJ;
				INFOPLIST_FILE = AudioLearn/Info.plist;
				LD_RUNPATH_SEARCH_PATHS = (
					"$(inherited)",
					"@executable_path/Frameworks",
				);
				PRODUCT_BUNDLE_IDENTIFIER = com.pinky.AudioLearn;
				PRODUCT_NAME = "$(TARGET_NAME)";
				TARGETED_DEVICE_FAMILY = "1,2";
			};
			name = Release;
		};
/* End XCBuildConfiguration section */

/* Begin XCConfigurationList section */
		BE7ED1F625DA287C000716D8 /* Build configuration list for PBXProject "AudioLearn" */ = {
			isa = XCConfigurationList;
			buildConfigurations = (
				BE7ED21225DA287F000716D8 /* Debug */,
				BE7ED21325DA287F000716D8 /* Release */,
			);
			defaultConfigurationIsVisible = 0;
			defaultConfigurationName = Release;
		};
		BE7ED21425DA287F000716D8 /* Build configuration list for PBXNativeTarget "AudioLearn" */ = {
			isa = XCConfigurationList;
			buildConfigurations = (
				BE7ED21525DA287F000716D8 /* Debug */,
				BE7ED21625DA287F000716D8 /* Release */,
			);
			defaultConfigurationIsVisible = 0;
			defaultConfigurationName = Release;
		};
/* End XCConfigurationList section */
	};
	rootObject = BE7ED1F325DA287C000716D8 /* Project object */;
}
